
Microsoft Visual Studio Solution File, Format Version 12.00
# Visual Studio Version 16
VisualStudioVersion = 16.0.29728.190
MinimumVisualStudioVersion = 10.0.40219.1
Project("{8BC9CEB8-8B4A-11D0-8D11-00A0C91BC942}") = "circular_list", "circular_list\msvc\circular_list.vcxproj", "{ABA7B884-6B7F-434E-B0FD-BA5364D2FD26}"
EndProject
Global
	GlobalSection(SolutionConfigurationPlatforms) = preSolution
		Debug|x64 = Debug|x64
		Debug|x86 = Debug|x86
		Release|x64 = Release|x64
		Release|x86 = Release|x86
	EndGlobalSection
	GlobalSection(ProjectConfigurationPlatforms) = postSolution
		{ABA7B884-6B7F-434E-B0FD-BA5364D2FD26}.Debug|x64.ActiveCfg = Debug|x64
		{ABA7B884-6B7F-434E-B0FD-BA5364D2FD26}.Debug|x64.Build.0 = Debug|x64
		{ABA7B884-6B7F-434E-B0FD-BA5364D2FD26}.Debug|x86.ActiveCfg = Debug|Win32
		{ABA7B884-6B7F-434E-B0FD-BA5364D2FD26}.Debug|x86.Build.0 = Debug|Win32
		{ABA7B884-6B7F-434E-B0FD-BA5364D2FD26}.Release|x64.ActiveCfg = Release|x64
		{ABA7B884-6B7F-434E-B0FD-BA5364D2FD26}.Release|x64.Build.0 = Release|x64
		{ABA7B884-6B7F-434E-B0FD-BA5364D2FD26}.Release|x86.ActiveCfg = Release|Win32
		{ABA7B884-6B7F-434E-B0FD-BA5364D2FD26}.Release|x86.Build.0 = Release|Win32
	EndGlobalSection
	GlobalSection(SolutionProperties) = preSolution
		HideSolutionNode = FALSE
	EndGlobalSection
	GlobalSection(ExtensibilityGlobals) = postSolution
		SolutionGuid = {EF40CA52-9D9E-419E-91DE-9DFDF3EB34C0}
	EndGlobalSection
EndGlobal
