<?xml version="1.0" encoding="utf-8"?>
<Project ToolsVersion="4.0" xmlns="http://schemas.microsoft.com/developer/msbuild/2003">
  <ItemGroup>
    <Filter Include="Source Files">
      <UniqueIdentifier>{4FC737F1-C7A5-4376-A066-2A32D752A2FF}</UniqueIdentifier>
      <Extensions>cpp;c;cc;cxx;c++;def;odl;idl;hpj;bat;asm;asmx</Extensions>
    </Filter>
    <Filter Include="Header Files">
      <UniqueIdentifier>{93995380-89BD-4b04-88EB-625FBE52EBFB}</UniqueIdentifier>
      <Extensions>h;hh;hpp;hxx;h++;hm;inl;inc;ipp;xsd</Extensions>
    </Filter>
    <Filter Include="arm_cc_stubs">
      <UniqueIdentifier>{2bf49f5d-130a-403e-809e-06eca7f5a0e3}</UniqueIdentifier>
    </Filter>
    <Filter Include="external">
      <UniqueIdentifier>{cec71a4d-45ab-4aea-bdc0-41544748a18a}</UniqueIdentifier>
    </Filter>
  </ItemGroup>
  <ItemGroup>
    <ClCompile Include="..\source\kernel\task\task.cpp">
      <Filter>Source Files</Filter>
    </ClCompile>
    <ClCompile Include="..\source\kernel\kernel.cpp">
      <Filter>Source Files</Filter>
    </ClCompile>
    <ClCompile Include="..\source\kernel\hardware\armv7m\hardware.cpp">
      <Filter>Source Files</Filter>
    </ClCompile>
    <ClCompile Include="..\source\main\main.cpp">
      <Filter>Source Files</Filter>
    </ClCompile>
    <ClCompile Include="..\source\kernel\scheduler\scheduler.cpp">
      <Filter>Source Files</Filter>
    </ClCompile>
    <ClCompile Include="..\source\kernel\timer\timer.cpp">
      <Filter>Source Files</Filter>
    </ClCompile>
    <ClCompile Include="..\source\kernel\handle\handle.cpp">
      <Filter>Source Files</Filter>
    </ClCompile>
    <ClCompile Include="..\source\kernel\event\event.cpp">
      <Filter>Source Files</Filter>
    </ClCompile>
    <ClCompile Include="..\source\kernel\critical_section\critical_section.cpp">
      <Filter>Source Files</Filter>
    </ClCompile>
    <ClCompile Include="..\source\kernel\internal\internal.cpp">
      <Filter>Source Files</Filter>
    </ClCompile>
  </ItemGroup>
  <ItemGroup>
    <ClInclude Include="arm_compat.h">
      <Filter>arm_cc_stubs</Filter>
    </ClInclude>
    <ClInclude Include="..\source\kernel\task\task.hpp">
      <Filter>Header Files</Filter>
    </ClInclude>
    <ClInclude Include="..\source\kernel\kernel.hpp">
      <Filter>Header Files</Filter>
    </ClInclude>
    <ClInclude Include="..\source\kernel\common\memory_buffer.hpp">
      <Filter>Header Files</Filter>
    </ClInclude>
    <ClInclude Include="..\source\kernel\common\circular_list.hpp">
      <Filter>Header Files</Filter>
    </ClInclude>
    <ClInclude Include="..\source\kernel\scheduler\scheduler.hpp">
      <Filter>Header Files</Filter>
    </ClInclude>
    <ClInclude Include="..\source\kernel\timer\timer.hpp">
      <Filter>Header Files</Filter>
    </ClInclude>
    <ClInclude Include="..\source\kernel\hardware\hardware.hpp">
      <Filter>Header Files</Filter>
    </ClInclude>
    <ClInclude Include="..\source\kernel\handle\handle.hpp">
      <Filter>Header Files</Filter>
    </ClInclude>
    <ClInclude Include="..\source\kernel\event\event.hpp">
      <Filter>Header Files</Filter>
    </ClInclude>
    <ClInclude Include="..\source\kernel\critical_section\critical_section.hpp">
      <Filter>Header Files</Filter>
    </ClInclude>
    <ClInclude Include="..\source\kernel\internal\internal.hpp">
      <Filter>Header Files</Filter>
    </ClInclude>
    <ClInclude Include="..\source\kernel\scheduler\wait_list.hpp">
      <Filter>Header Files</Filter>
    </ClInclude>
  </ItemGroup>
  <ItemGroup>
    <None Include="..\external\st\STM32F10x\startup_stm32f10x_hd.s">
      <Filter>external</Filter>
    </None>
  </ItemGroup>
</Project>