<?xml version="1.0" encoding="utf-8"?>
<Project ToolsVersion="4.0" xmlns="http://schemas.microsoft.com/developer/msbuild/2003">
  <ItemGroup>
    <Filter Include="Source Files">
      <UniqueIdentifier>{4FC737F1-C7A5-4376-A066-2A32D752A2FF}</UniqueIdentifier>
      <Extensions>cpp;c;cc;cxx;c++;def;odl;idl;hpj;bat;asm;asmx</Extensions>
    </Filter>
    <Filter Include="Header Files">
      <UniqueIdentifier>{93995380-89BD-4b04-88EB-625FBE52EBFB}</UniqueIdentifier>
      <Extensions>h;hh;hpp;hxx;h++;hm;inl;inc;ipp;xsd</Extensions>
    </Filter>
    <Filter Include="arm_cc_stubs">
      <UniqueIdentifier>{2bf49f5d-130a-403e-809e-06eca7f5a0e3}</UniqueIdentifier>
    </Filter>
    <Filter Include="external">
      <UniqueIdentifier>{cec71a4d-45ab-4aea-bdc0-41544748a18a}</UniqueIdentifier>
    </Filter>
    <Filter Include="Header Files\scheduler">
      <UniqueIdentifier>{1d65a30c-1821-4d3d-85fa-e77e3460b812}</UniqueIdentifier>
    </Filter>
    <Filter Include="other">
      <UniqueIdentifier>{c4b17228-d027-44ba-b45b-cbe6339c9fd8}</UniqueIdentifier>
    </Filter>
    <Filter Include="examples">
      <UniqueIdentifier>{8b03f7f4-9dcb-4e14-9edc-7725a239c485}</UniqueIdentifier>
    </Filter>
    <Filter Include="examples\create_task">
      <UniqueIdentifier>{79e136a5-071e-4e2e-8c73-0e9cdad220ed}</UniqueIdentifier>
    </Filter>
    <Filter Include="examples\critical_section">
      <UniqueIdentifier>{1468586a-34d8-4a30-9243-4bb1e4394bf4}</UniqueIdentifier>
    </Filter>
    <Filter Include="examples\task_sleep">
      <UniqueIdentifier>{375d9db3-5595-4934-a05a-bd5615319abd}</UniqueIdentifier>
    </Filter>
    <Filter Include="examples\waitForMultipleObjects">
      <UniqueIdentifier>{fa358beb-9e86-468f-8fa9-8078ff90d533}</UniqueIdentifier>
    </Filter>
    <Filter Include="examples\waitForSingleObject">
      <UniqueIdentifier>{816a1089-33b9-4634-9314-b08b88b286ef}</UniqueIdentifier>
    </Filter>
    <Filter Include="examples\using_interrupt">
      <UniqueIdentifier>{ee4d830d-f091-41d7-b889-884a49379312}</UniqueIdentifier>
    </Filter>
    <Filter Include="examples\serial_interrupt">
      <UniqueIdentifier>{b5061237-41da-46b6-8c5a-86ed6db15674}</UniqueIdentifier>
    </Filter>
    <Filter Include="examples\software_timers">
      <UniqueIdentifier>{98e16da7-f5bd-4084-852b-5eebe64ce72d}</UniqueIdentifier>
    </Filter>
  </ItemGroup>
  <ItemGroup>
    <ClCompile Include="..\source\kernel.cpp">
      <Filter>Source Files</Filter>
    </ClCompile>
    <ClCompile Include="..\source\hardware\armv7m\hardware.cpp">
      <Filter>Source Files</Filter>
    </ClCompile>
    <ClCompile Include="..\examples\create_task\main.cpp">
      <Filter>examples\create_task</Filter>
    </ClCompile>
    <ClCompile Include="..\examples\critical_section\main.cpp">
      <Filter>examples\critical_section</Filter>
    </ClCompile>
    <ClCompile Include="..\examples\task_sleep\main.cpp">
      <Filter>examples\task_sleep</Filter>
    </ClCompile>
    <ClCompile Include="..\examples\waitForMultipleObjects\main.cpp">
      <Filter>examples\waitForMultipleObjects</Filter>
    </ClCompile>
    <ClCompile Include="..\examples\waitForSingleObject\main.cpp">
      <Filter>examples\waitForSingleObject</Filter>
    </ClCompile>
    <ClCompile Include="..\examples\using_interrupt\main.cpp">
      <Filter>examples\using_interrupt</Filter>
    </ClCompile>
    <ClCompile Include="..\examples\serial_interrupt\main.cpp">
      <Filter>examples\serial_interrupt</Filter>
    </ClCompile>
    <ClCompile Include="..\examples\software_timers\main.cpp">
      <Filter>examples\software_timers</Filter>
    </ClCompile>
  </ItemGroup>
  <ItemGroup>
    <ClInclude Include="arm_compat.h">
      <Filter>arm_cc_stubs</Filter>
    </ClInclude>
    <ClInclude Include="..\source\timer\timer.hpp">
      <Filter>Header Files</Filter>
    </ClInclude>
    <ClInclude Include="..\source\task\task.hpp">
      <Filter>Header Files</Filter>
    </ClInclude>
    <ClInclude Include="..\source\common\memory_buffer.hpp">
      <Filter>Header Files</Filter>
    </ClInclude>
    <ClInclude Include="..\source\kernel.hpp">
      <Filter>Header Files</Filter>
    </ClInclude>
    <ClInclude Include="..\source\hardware\hardware.hpp">
      <Filter>Header Files</Filter>
    </ClInclude>
    <ClInclude Include="..\source\handle\handle.hpp">
      <Filter>Header Files</Filter>
    </ClInclude>
    <ClInclude Include="..\source\event\event.hpp">
      <Filter>Header Files</Filter>
    </ClInclude>
    <ClInclude Include="..\source\common\circular_list.hpp">
      <Filter>Header Files</Filter>
    </ClInclude>
    <ClInclude Include="..\source\scheduler\wait_list.hpp">
      <Filter>Header Files\scheduler</Filter>
    </ClInclude>
    <ClInclude Include="..\source\scheduler\wait_conditions.hpp">
      <Filter>Header Files\scheduler</Filter>
    </ClInclude>
    <ClInclude Include="..\source\scheduler\scheduler.hpp">
      <Filter>Header Files\scheduler</Filter>
    </ClInclude>
    <ClInclude Include="..\source\scheduler\ready_list.hpp">
      <Filter>Header Files\scheduler</Filter>
    </ClInclude>
    <ClInclude Include="..\source\queue\queue.hpp">
      <Filter>Header Files</Filter>
    </ClInclude>
    <ClInclude Include="..\source\common\memory.hpp">
      <Filter>Header Files</Filter>
    </ClInclude>
    <ClInclude Include="..\source\system_timer\system_timer.hpp">
      <Filter>Header Files</Filter>
    </ClInclude>
  </ItemGroup>
  <ItemGroup>
    <None Include="..\external\st\STM32F10x\startup_stm32f10x_hd.s">
      <Filter>external</Filter>
    </None>
    <None Include="..\README.md">
      <Filter>other</Filter>
    </None>
  </ItemGroup>
</Project>