<?xml version="1.0" encoding="utf-8"?>
<Project ToolsVersion="4.0" xmlns="http://schemas.microsoft.com/developer/msbuild/2003">
  <ItemGroup>
    <Filter Include="external">
      <UniqueIdentifier>{f562f3cc-956d-4ab9-8665-d1661957e2ef}</UniqueIdentifier>
    </Filter>
    <Filter Include="main">
      <UniqueIdentifier>{eb691572-e69b-48f3-b560-23505b6b2fa2}</UniqueIdentifier>
    </Filter>
  </ItemGroup>
  <ItemGroup>
    <ClInclude Include="..\..\external\catch.hpp">
      <Filter>external</Filter>
    </ClInclude>
  </ItemGroup>
  <ItemGroup>
    <ClCompile Include="..\test.cpp">
      <Filter>main</Filter>
    </ClCompile>
  </ItemGroup>
</Project>