<?xml version="1.0" encoding="utf-8"?>
<Project ToolsVersion="4.0" xmlns="http://schemas.microsoft.com/developer/msbuild/2003">
  <ItemGroup>
    <Filter Include="external">
      <UniqueIdentifier>{917cc139-6f77-4bc5-a99c-a2afdcd26e3b}</UniqueIdentifier>
    </Filter>
    <Filter Include="main">
      <UniqueIdentifier>{2485a236-1682-4cc0-8bac-f97b802d1a61}</UniqueIdentifier>
    </Filter>
    <Filter Include="tests">
      <UniqueIdentifier>{4604d6a8-02c7-4fd1-ab87-74e98ec81c71}</UniqueIdentifier>
    </Filter>
    <Filter Include="tests\kernel">
      <UniqueIdentifier>{0d06762c-d0d1-418b-b9dc-1b75574ef5e9}</UniqueIdentifier>
    </Filter>
    <Filter Include="tests\kernel\common">
      <UniqueIdentifier>{af513a26-d76d-4e2c-864f-2b2fe8c9771e}</UniqueIdentifier>
    </Filter>
    <Filter Include="tested files">
      <UniqueIdentifier>{d8f7b1b6-e07d-46fd-9d7a-b53ea235333c}</UniqueIdentifier>
    </Filter>
    <Filter Include="tested files\kernel">
      <UniqueIdentifier>{4eb01a03-ddca-4879-a492-06883a924bb8}</UniqueIdentifier>
    </Filter>
    <Filter Include="tested files\kernel\common">
      <UniqueIdentifier>{cc0f1b85-ca1d-4048-8de7-3b2540067823}</UniqueIdentifier>
    </Filter>
    <Filter Include="tests\kernel\scheduler">
      <UniqueIdentifier>{f6aaf80d-691c-45a9-b28f-bfd8b091f32f}</UniqueIdentifier>
    </Filter>
    <Filter Include="tested files\kernel\scheduler">
      <UniqueIdentifier>{8a54eb15-f3de-4ed5-8a11-e6e29c31e234}</UniqueIdentifier>
    </Filter>
    <Filter Include="tests\kernel\task">
      <UniqueIdentifier>{7c1f80d4-843f-4742-a608-2dbf72eaa5d7}</UniqueIdentifier>
    </Filter>
    <Filter Include="tested files\kernel\task">
      <UniqueIdentifier>{db6939e3-e882-4e5d-abf1-3fca3972ddd4}</UniqueIdentifier>
    </Filter>
    <Filter Include="tests\kernel\handle">
      <UniqueIdentifier>{ead14376-2b93-49e7-8ca9-ba9ccd0fa10e}</UniqueIdentifier>
    </Filter>
    <Filter Include="stubs">
      <UniqueIdentifier>{c99b0977-6086-463c-941b-1ed1a72dc73d}</UniqueIdentifier>
    </Filter>
    <Filter Include="tested files\kernel\event">
      <UniqueIdentifier>{3dbfb85f-ac50-42b4-9178-9ef2b7eccd72}</UniqueIdentifier>
    </Filter>
    <Filter Include="tested files\kernel\timer">
      <UniqueIdentifier>{bb13ca7c-4fe1-464a-8c0b-1bb2b9643972}</UniqueIdentifier>
    </Filter>
  </ItemGroup>
  <ItemGroup>
    <ClCompile Include="..\source\catch.cpp">
      <Filter>main</Filter>
    </ClCompile>
    <ClCompile Include="..\source\kernel\scheduler\scheduler_test.cpp">
      <Filter>tests\kernel\scheduler</Filter>
    </ClCompile>
    <ClCompile Include="..\source\kernel\common\memory_buffer_test.cpp">
      <Filter>tests\kernel\common</Filter>
    </ClCompile>
    <ClCompile Include="..\source\kernel\common\circular_list_test.cpp">
      <Filter>tests\kernel\common</Filter>
    </ClCompile>
    <ClCompile Include="..\..\source\kernel\scheduler\scheduler.cpp">
      <Filter>tested files\kernel\scheduler</Filter>
    </ClCompile>
    <ClCompile Include="..\source\kernel\task\task_test.cpp">
      <Filter>tests\kernel\task</Filter>
    </ClCompile>
    <ClCompile Include="..\..\source\kernel\task\task.cpp">
      <Filter>tested files\kernel\task</Filter>
    </ClCompile>
    <ClCompile Include="..\source\kernel\handle\handle_test.cpp">
      <Filter>tests\kernel\handle</Filter>
    </ClCompile>
    <ClCompile Include="..\..\source\kernel\event\event.cpp">
      <Filter>tested files\kernel\event</Filter>
    </ClCompile>
    <ClCompile Include="..\..\source\kernel\timer\timer.cpp">
      <Filter>tested files\kernel\timer</Filter>
    </ClCompile>
  </ItemGroup>
  <ItemGroup>
    <ClInclude Include="..\external\catch.hpp">
      <Filter>external</Filter>
    </ClInclude>
    <ClInclude Include="..\..\source\kernel\common\circular_list.hpp">
      <Filter>tested files\kernel\common</Filter>
    </ClInclude>
    <ClInclude Include="..\..\source\kernel\common\memory_buffer.hpp">
      <Filter>tested files\kernel\common</Filter>
    </ClInclude>
    <ClInclude Include="..\stubs\stm32f10x.h">
      <Filter>stubs</Filter>
    </ClInclude>
  </ItemGroup>
</Project>